
Microsoft Visual Studio Solution File, Format Version 12.00
# Visual Studio Version 17
VisualStudioVersion = 17.14.36310.24 d17.14
MinimumVisualStudioVersion = 10.0.40219.1
Project("{FAE04EC0-301F-11D3-BF4B-00C04F79EFBC}") = "Reporting_System", "Reporting_System.csproj", "{196FADBC-8D0F-4B5A-8A08-51FE578ACA2B}"
EndProject
Project("{FAE04EC0-301F-11D3-BF4B-00C04F79EFBC}") = "Reporting_System(Day11_Assignment)", "..\Reporting_System(Day11_Assignment)\Reporting_System(Day11_Assignment).csproj", "{ED0C06F0-08A5-49B0-9147-CAF60EF1E620}"
EndProject
Global
	GlobalSection(SolutionConfigurationPlatforms) = preSolution
		Debug|Any CPU = Debug|Any CPU
		Release|Any CPU = Release|Any CPU
	EndGlobalSection
	GlobalSection(ProjectConfigurationPlatforms) = postSolution
		{196FADBC-8D0F-4B5A-8A08-51FE578ACA2B}.Debug|Any CPU.ActiveCfg = Debug|Any CPU
		{196FADBC-8D0F-4B5A-8A08-51FE578ACA2B}.Debug|Any CPU.Build.0 = Debug|Any CPU
		{196FADBC-8D0F-4B5A-8A08-51FE578ACA2B}.Release|Any CPU.ActiveCfg = Release|Any CPU
		{196FADBC-8D0F-4B5A-8A08-51FE578ACA2B}.Release|Any CPU.Build.0 = Release|Any CPU
		{ED0C06F0-08A5-49B0-9147-CAF60EF1E620}.Debug|Any CPU.ActiveCfg = Debug|Any CPU
		{ED0C06F0-08A5-49B0-9147-CAF60EF1E620}.Debug|Any CPU.Build.0 = Debug|Any CPU
		{ED0C06F0-08A5-49B0-9147-CAF60EF1E620}.Release|Any CPU.ActiveCfg = Release|Any CPU
		{ED0C06F0-08A5-49B0-9147-CAF60EF1E620}.Release|Any CPU.Build.0 = Release|Any CPU
	EndGlobalSection
	GlobalSection(SolutionProperties) = preSolution
		HideSolutionNode = FALSE
	EndGlobalSection
	GlobalSection(ExtensibilityGlobals) = postSolution
		SolutionGuid = {0A7DC6B2-1459-4273-B776-E3A566B654A8}
	EndGlobalSection
EndGlobal
